
Microsoft Visual Studio Solution File, Format Version 12.00
# Visual Studio Version 17
VisualStudioVersion = 17.6.33801.468
MinimumVisualStudioVersion = 10.0.40219.1
Project("{8BC9CEB8-8B4A-11D0-8D11-00A0C91BC942}") = "MinorMiners", "MinorMiners\MinorMiners.vcxproj", "{B1961D54-DE45-4D65-AF07-EF3642DB8D76}"
EndProject
Global
	GlobalSection(SolutionConfigurationPlatforms) = preSolution
		Debug|x64 = Debug|x64
		Debug|x86 = Debug|x86
		Release|x64 = Release|x64
		Release|x86 = Release|x86
	EndGlobalSection
	GlobalSection(ProjectConfigurationPlatforms) = postSolution
		{B1961D54-DE45-4D65-AF07-EF3642DB8D76}.Debug|x64.ActiveCfg = Debug|x64
		{B1961D54-DE45-4D65-AF07-EF3642DB8D76}.Debug|x64.Build.0 = Debug|x64
		{B1961D54-DE45-4D65-AF07-EF3642DB8D76}.Debug|x86.ActiveCfg = Debug|Win32
		{B1961D54-DE45-4D65-AF07-EF3642DB8D76}.Debug|x86.Build.0 = Debug|Win32
		{B1961D54-DE45-4D65-AF07-EF3642DB8D76}.Release|x64.ActiveCfg = Release|x64
		{B1961D54-DE45-4D65-AF07-EF3642DB8D76}.Release|x64.Build.0 = Release|x64
		{B1961D54-DE45-4D65-AF07-EF3642DB8D76}.Release|x86.ActiveCfg = Release|Win32
		{B1961D54-DE45-4D65-AF07-EF3642DB8D76}.Release|x86.Build.0 = Release|Win32
	EndGlobalSection
	GlobalSection(SolutionProperties) = preSolution
		HideSolutionNode = FALSE
	EndGlobalSection
	GlobalSection(ExtensibilityGlobals) = postSolution
		SolutionGuid = {035888B9-9BED-44D5-8B3A-AE95A4A4CA07}
	EndGlobalSection
EndGlobal
